Microsoft Visual Studio Solution File, Format Version 12.00
# Visual Studio Version 17
VisualStudioVersion = 17.10.34928.147
MinimumVisualStudioVersion = 10.0.40219.1
Project("{FAE04EC0-301F-11D3-BF4B-00C04F79EFBC}") = "PetStoreApp.AppHost", "PetStoreApp.AppHost\PetStoreApp.AppHost.csproj", "{384D8913-6F00-4D5E-9A83-C2C220A7A100}"
EndProject
Project("{9A19103F-16F7-4668-BE54-9A1E7A4F7556}") = "PetStoreApp.ServiceDefaults", "PetStoreApp.ServiceDefaults\PetStoreApp.ServiceDefaults.csproj", "{34F62EA0-7E3C-4A18-BA3B-03BA807C4DED}"
EndProject
Project("{9A19103F-16F7-4668-BE54-9A1E7A4F7556}") = "PetStoreApp.ApiService", "PetStoreApp.ApiService\PetStoreApp.ApiService.csproj", "{A531E41B-E47C-4180-9F6A-4084C5799592}"
EndProject
Project("{9A19103F-16F7-4668-BE54-9A1E7A4F7556}") = "PetStoreApp.Web", "PetStoreApp.Web\PetStoreApp.Web.csproj", "{82945C07-D2E0-4563-8040-97631EBC129D}"
EndProject
Project("{9A19103F-16F7-4668-BE54-9A1E7A4F7556}") = "PetStoreApp.Tests", "PetStoreApp.Tests\PetStoreApp.Tests.csproj", "{D6923E82-E468-46E8-B381-FDA53E6F94C7}"
EndProject
Global
	GlobalSection(SolutionConfigurationPlatforms) = preSolution
		Debug|Any CPU = Debug|Any CPU
		Release|Any CPU = Release|Any CPU
	EndGlobalSection
	GlobalSection(ProjectConfigurationPlatforms) = postSolution
		{384D8913-6F00-4D5E-9A83-C2C220A7A100}.Debug|Any CPU.ActiveCfg = Debug|Any CPU
		{384D8913-6F00-4D5E-9A83-C2C220A7A100}.Debug|Any CPU.Build.0 = Debug|Any CPU
		{384D8913-6F00-4D5E-9A83-C2C220A7A100}.Release|Any CPU.ActiveCfg = Release|Any CPU
		{384D8913-6F00-4D5E-9A83-C2C220A7A100}.Release|Any CPU.Build.0 = Release|Any CPU
		{34F62EA0-7E3C-4A18-BA3B-03BA807C4DED}.Debug|Any CPU.ActiveCfg = Debug|Any CPU
		{34F62EA0-7E3C-4A18-BA3B-03BA807C4DED}.Debug|Any CPU.Build.0 = Debug|Any CPU
		{34F62EA0-7E3C-4A18-BA3B-03BA807C4DED}.Release|Any CPU.ActiveCfg = Release|Any CPU
		{34F62EA0-7E3C-4A18-BA3B-03BA807C4DED}.Release|Any CPU.Build.0 = Release|Any CPU
		{A531E41B-E47C-4180-9F6A-4084C5799592}.Debug|Any CPU.ActiveCfg = Debug|Any CPU
		{A531E41B-E47C-4180-9F6A-4084C5799592}.Debug|Any CPU.Build.0 = Debug|Any CPU
		{A531E41B-E47C-4180-9F6A-4084C5799592}.Release|Any CPU.ActiveCfg = Release|Any CPU
		{A531E41B-E47C-4180-9F6A-4084C5799592}.Release|Any CPU.Build.0 = Release|Any CPU
		{82945C07-D2E0-4563-8040-97631EBC129D}.Debug|Any CPU.ActiveCfg = Debug|Any CPU
		{82945C07-D2E0-4563-8040-97631EBC129D}.Debug|Any CPU.Build.0 = Debug|Any CPU
		{82945C07-D2E0-4563-8040-97631EBC129D}.Release|Any CPU.ActiveCfg = Release|Any CPU
		{82945C07-D2E0-4563-8040-97631EBC129D}.Release|Any CPU.Build.0 = Release|Any CPU
		{D6923E82-E468-46E8-B381-FDA53E6F94C7}.Debug|Any CPU.ActiveCfg = Debug|Any CPU
		{D6923E82-E468-46E8-B381-FDA53E6F94C7}.Debug|Any CPU.Build.0 = Debug|Any CPU
		{D6923E82-E468-46E8-B381-FDA53E6F94C7}.Release|Any CPU.ActiveCfg = Release|Any CPU
		{D6923E82-E468-46E8-B381-FDA53E6F94C7}.Release|Any CPU.Build.0 = Release|Any CPU
	EndGlobalSection
	GlobalSection(SolutionProperties) = preSolution
		HideSolutionNode = FALSE
	EndGlobalSection
	GlobalSection(ExtensibilityGlobals) = postSolution
		SolutionGuid = {940C35DF-AFB9-4619-82E2-12F03FB009FE}
	EndGlobalSection
EndGlobal
