
Microsoft Visual Studio Solution File, Format Version 12.00
# Visual Studio Version 17
VisualStudioVersion = 17.10.34928.147
MinimumVisualStudioVersion = 10.0.40219.1
Project("{FAE04EC0-301F-11D3-BF4B-00C04F79EFBC}") = "PetStoreConsole", "PetStoreConsole.csproj", "{A2F66CC6-A678-453C-9BD3-482A562795F1}"
EndProject
Project("{FAE04EC0-301F-11D3-BF4B-00C04F79EFBC}") = "PetStore.test", "..\PetStore.test\PetStore.test.csproj", "{BE65B37E-15CF-4826-B130-B4A075853FD3}"
EndProject
Global
	GlobalSection(SolutionConfigurationPlatforms) = preSolution
		Debug|Any CPU = Debug|Any CPU
		Release|Any CPU = Release|Any CPU
	EndGlobalSection
	GlobalSection(ProjectConfigurationPlatforms) = postSolution
		{A2F66CC6-A678-453C-9BD3-482A562795F1}.Debug|Any CPU.ActiveCfg = Debug|Any CPU
		{A2F66CC6-A678-453C-9BD3-482A562795F1}.Debug|Any CPU.Build.0 = Debug|Any CPU
		{A2F66CC6-A678-453C-9BD3-482A562795F1}.Release|Any CPU.ActiveCfg = Release|Any CPU
		{A2F66CC6-A678-453C-9BD3-482A562795F1}.Release|Any CPU.Build.0 = Release|Any CPU
		{BE65B37E-15CF-4826-B130-B4A075853FD3}.Debug|Any CPU.ActiveCfg = Debug|Any CPU
		{BE65B37E-15CF-4826-B130-B4A075853FD3}.Debug|Any CPU.Build.0 = Debug|Any CPU
		{BE65B37E-15CF-4826-B130-B4A075853FD3}.Release|Any CPU.ActiveCfg = Release|Any CPU
		{BE65B37E-15CF-4826-B130-B4A075853FD3}.Release|Any CPU.Build.0 = Release|Any CPU
	EndGlobalSection
	GlobalSection(SolutionProperties) = preSolution
		HideSolutionNode = FALSE
	EndGlobalSection
	GlobalSection(ExtensibilityGlobals) = postSolution
		SolutionGuid = {FA9163BD-0E24-498D-8661-2835135B0232}
	EndGlobalSection
EndGlobal
